
Microsoft Visual Studio Solution File, Format Version 12.00
# Visual Studio Version 17
VisualStudioVersion = 17.4.33205.214
MinimumVisualStudioVersion = 10.0.40219.1
Project("{FAE04EC0-301F-11D3-BF4B-00C04F79EFBC}") = "DadJokesApp", "DadJokesApp\DadJokesApp.csproj", "{FB417EBE-8E92-49D4-A2A8-7839F0008A2C}"
EndProject
Global
	GlobalSection(SolutionConfigurationPlatforms) = preSolution
		Debug|Any CPU = Debug|Any CPU
		Release|Any CPU = Release|Any CPU
	EndGlobalSection
	GlobalSection(ProjectConfigurationPlatforms) = postSolution
		{FB417EBE-8E92-49D4-A2A8-7839F0008A2C}.Debug|Any CPU.ActiveCfg = Debug|Any CPU
		{FB417EBE-8E92-49D4-A2A8-7839F0008A2C}.Debug|Any CPU.Build.0 = Debug|Any CPU
		{FB417EBE-8E92-49D4-A2A8-7839F0008A2C}.Release|Any CPU.ActiveCfg = Release|Any CPU
		{FB417EBE-8E92-49D4-A2A8-7839F0008A2C}.Release|Any CPU.Build.0 = Release|Any CPU
	EndGlobalSection
	GlobalSection(SolutionProperties) = preSolution
		HideSolutionNode = FALSE
	EndGlobalSection
	GlobalSection(ExtensibilityGlobals) = postSolution
		SolutionGuid = {540BC51E-2248-4CFF-814C-7418A12E928F}
	EndGlobalSection
EndGlobal
